// !$*UTF8*$!
{
	archiveVersion = 1;
	classes = {
	};
	objectVersion = 56;
	objects = {

/* Begin PBXBuildFile section */
		374948A02B08CD83002B8E3C /* ios_diet_applicationApp.swift in Sources */ = {isa = PBXBuildFile; fileRef = 3749489F2B08CD83002B8E3C /* ios_diet_applicationApp.swift */; };
		374948A22B08CD83002B8E3C /* ContentView.swift in Sources */ = {isa = PBXBuildFile; fileRef = 374948A12B08CD83002B8E3C /* ContentView.swift */; };
		374948A42B08CD83002B8E3C /* Item.swift in Sources */ = {isa = PBXBuildFile; fileRef = 374948A32B08CD83002B8E3C /* Item.swift */; };
		374948A62B08CD84002B8E3C /* Assets.xcassets in Resources */ = {isa = PBXBuildFile; fileRef = 374948A52B08CD84002B8E3C /* Assets.xcassets */; };
		374948A92B08CD84002B8E3C /* Preview Assets.xcassets in Resources */ = {isa = PBXBuildFile; fileRef = 374948A82B08CD84002B8E3C /* Preview Assets.xcassets */; };
		374948B32B08CD84002B8E3C /* ios_diet_applicationTests.swift in Sources */ = {isa = PBXBuildFile; fileRef = 374948B22B08CD84002B8E3C /* ios_diet_applicationTests.swift */; };
		374948BD2B08CD84002B8E3C /* ios_diet_applicationUITests.swift in Sources */ = {isa = PBXBuildFile; fileRef = 374948BC2B08CD84002B8E3C /* ios_diet_applicationUITests.swift */; };
		374948BF2B08CD84002B8E3C /* ios_diet_applicationUITestsLaunchTests.swift in Sources */ = {isa = PBXBuildFile; fileRef = 374948BE2B08CD84002B8E3C /* ios_diet_applicationUITestsLaunchTests.swift */; };
/* End PBXBuildFile section */

/* Begin PBXContainerItemProxy section */
		374948AF2B08CD84002B8E3C /* PBXContainerItemProxy */ = {
			isa = PBXContainerItemProxy;
			containerPortal = 374948942B08CD83002B8E3C /* Project object */;
			proxyType = 1;
			remoteGlobalIDString = 3749489B2B08CD83002B8E3C;
			remoteInfo = "ios-diet-application";
		};
		374948B92B08CD84002B8E3C /* PBXContainerItemProxy */ = {
			isa = PBXContainerItemProxy;
			containerPortal = 374948942B08CD83002B8E3C /* Project object */;
			proxyType = 1;
			remoteGlobalIDString = 3749489B2B08CD83002B8E3C;
			remoteInfo = "ios-diet-application";
		};
/* End PBXContainerItemProxy section */

/* Begin PBXFileReference section */
		3749489C2B08CD83002B8E3C /* ios-diet-application.app */ = {isa = PBXFileReference; explicitFileType = wrapper.application; includeInIndex = 0; path = "ios-diet-application.app"; sourceTree = BUILT_PRODUCTS_DIR; };
		3749489F2B08CD83002B8E3C /* ios_diet_applicationApp.swift */ = {isa = PBXFileReference; lastKnownFileType = sourcecode.swift; path = ios_diet_applicationApp.swift; sourceTree = "<group>"; };
		374948A12B08CD83002B8E3C /* ContentView.swift */ = {isa = PBXFileReference; lastKnownFileType = sourcecode.swift; path = ContentView.swift; sourceTree = "<group>"; };
		374948A32B08CD83002B8E3C /* Item.swift */ = {isa = PBXFileReference; lastKnownFileType = sourcecode.swift; path = Item.swift; sourceTree = "<group>"; };
		374948A52B08CD84002B8E3C /* Assets.xcassets */ = {isa = PBXFileReference; lastKnownFileType = folder.assetcatalog; path = Assets.xcassets; sourceTree = "<group>"; };
		374948A82B08CD84002B8E3C /* Preview Assets.xcassets */ = {isa = PBXFileReference; lastKnownFileType = folder.assetcatalog; path = "Preview Assets.xcassets"; sourceTree = "<group>"; };
		374948AE2B08CD84002B8E3C /* ios-diet-applicationTests.xctest */ = {isa = PBXFileReference; explicitFileType = wrapper.cfbundle; includeInIndex = 0; path = "ios-diet-applicationTests.xctest"; sourceTree = BUILT_PRODUCTS_DIR; };
		374948B22B08CD84002B8E3C /* ios_diet_applicationTests.swift */ = {isa = PBXFileReference; lastKnownFileType = sourcecode.swift; path = ios_diet_applicationTests.swift; sourceTree = "<group>"; };
		374948B82B08CD84002B8E3C /* ios-diet-applicationUITests.xctest */ = {isa = PBXFileReference; explicitFileType = wrapper.cfbundle; includeInIndex = 0; path = "ios-diet-applicationUITests.xctest"; sourceTree = BUILT_PRODUCTS_DIR; };
		374948BC2B08CD84002B8E3C /* ios_diet_applicationUITests.swift */ = {isa = PBXFileReference; lastKnownFileType = sourcecode.swift; path = ios_diet_applicationUITests.swift; sourceTree = "<group>"; };
		374948BE2B08CD84002B8E3C /* ios_diet_applicationUITestsLaunchTests.swift */ = {isa = PBXFileReference; lastKnownFileType = sourcecode.swift; path = ios_diet_applicationUITestsLaunchTests.swift; sourceTree = "<group>"; };
/* End PBXFileReference section */

/* Begin PBXFrameworksBuildPhase section */
		374948992B08CD83002B8E3C /* Frameworks */ = {
			isa = PBXFrameworksBuildPhase;
			buildActionMask = 2147483647;
			files = (
			);
			runOnlyForDeploymentPostprocessing = 0;
		};
		374948AB2B08CD84002B8E3C /* Frameworks */ = {
			isa = PBXFrameworksBuildPhase;
			buildActionMask = 2147483647;
			files = (
			);
			runOnlyForDeploymentPostprocessing = 0;
		};
		374948B52B08CD84002B8E3C /* Frameworks */ = {
			isa = PBXFrameworksBuildPhase;
			buildActionMask = 2147483647;
			files = (
			);
			runOnlyForDeploymentPostprocessing = 0;
		};
/* End PBXFrameworksBuildPhase section */

/* Begin PBXGroup section */
		374948932B08CD83002B8E3C = {
			isa = PBXGroup;
			children = (
				3749489E2B08CD83002B8E3C /* ios-diet-application */,
				374948B12B08CD84002B8E3C /* ios-diet-applicationTests */,
				374948BB2B08CD84002B8E3C /* ios-diet-applicationUITests */,
				3749489D2B08CD83002B8E3C /* Products */,
			);
			sourceTree = "<group>";
		};
		3749489D2B08CD83002B8E3C /* Products */ = {
			isa = PBXGroup;
			children = (
				3749489C2B08CD83002B8E3C /* ios-diet-application.app */,
				374948AE2B08CD84002B8E3C /* ios-diet-applicationTests.xctest */,
				374948B82B08CD84002B8E3C /* ios-diet-applicationUITests.xctest */,
			);
			name = Products;
			sourceTree = "<group>";
		};
		3749489E2B08CD83002B8E3C /* ios-diet-application */ = {
			isa = PBXGroup;
			children = (
				3749489F2B08CD83002B8E3C /* ios_diet_applicationApp.swift */,
				374948A12B08CD83002B8E3C /* ContentView.swift */,
				374948A32B08CD83002B8E3C /* Item.swift */,
				374948A52B08CD84002B8E3C /* Assets.xcassets */,
				374948A72B08CD84002B8E3C /* Preview Content */,
			);
			path = "ios-diet-application";
			sourceTree = "<group>";
		};
		374948A72B08CD84002B8E3C /* Preview Content */ = {
			isa = PBXGroup;
			children = (
				374948A82B08CD84002B8E3C /* Preview Assets.xcassets */,
			);
			path = "Preview Content";
			sourceTree = "<group>";
		};
		374948B12B08CD84002B8E3C /* ios-diet-applicationTests */ = {
			isa = PBXGroup;
			children = (
				374948B22B08CD84002B8E3C /* ios_diet_applicationTests.swift */,
			);
			path = "ios-diet-applicationTests";
			sourceTree = "<group>";
		};
		374948BB2B08CD84002B8E3C /* ios-diet-applicationUITests */ = {
			isa = PBXGroup;
			children = (
				374948BC2B08CD84002B8E3C /* ios_diet_applicationUITests.swift */,
				374948BE2B08CD84002B8E3C /* ios_diet_applicationUITestsLaunchTests.swift */,
			);
			path = "ios-diet-applicationUITests";
			sourceTree = "<group>";
		};
/* End PBXGroup section */

/* Begin PBXNativeTarget section */
		3749489B2B08CD83002B8E3C /* ios-diet-application */ = {
			isa = PBXNativeTarget;
			buildConfigurationList = 374948C22B08CD84002B8E3C /* Build configuration list for PBXNativeTarget "ios-diet-application" */;
			buildPhases = (
				374948982B08CD83002B8E3C /* Sources */,
				374948992B08CD83002B8E3C /* Frameworks */,
				3749489A2B08CD83002B8E3C /* Resources */,
			);
			buildRules = (
			);
			dependencies = (
			);
			name = "ios-diet-application";
			productName = "ios-diet-application";
			productReference = 3749489C2B08CD83002B8E3C /* ios-diet-application.app */;
			productType = "com.apple.product-type.application";
		};
		374948AD2B08CD84002B8E3C /* ios-diet-applicationTests */ = {
			isa = PBXNativeTarget;
			buildConfigurationList = 374948C52B08CD84002B8E3C /* Build configuration list for PBXNativeTarget "ios-diet-applicationTests" */;
			buildPhases = (
				374948AA2B08CD84002B8E3C /* Sources */,
				374948AB2B08CD84002B8E3C /* Frameworks */,
				374948AC2B08CD84002B8E3C /* Resources */,
			);
			buildRules = (
			);
			dependencies = (
				374948B02B08CD84002B8E3C /* PBXTargetDependency */,
			);
			name = "ios-diet-applicationTests";
			productName = "ios-diet-applicationTests";
			productReference = 374948AE2B08CD84002B8E3C /* ios-diet-applicationTests.xctest */;
			productType = "com.apple.product-type.bundle.unit-test";
		};
		374948B72B08CD84002B8E3C /* ios-diet-applicationUITests */ = {
			isa = PBXNativeTarget;
			buildConfigurationList = 374948C82B08CD84002B8E3C /* Build configuration list for PBXNativeTarget "ios-diet-applicationUITests" */;
			buildPhases = (
				374948B42B08CD84002B8E3C /* Sources */,
				374948B52B08CD84002B8E3C /* Frameworks */,
				374948B62B08CD84002B8E3C /* Resources */,
			);
			buildRules = (
			);
			dependencies = (
				374948BA2B08CD84002B8E3C /* PBXTargetDependency */,
			);
			name = "ios-diet-applicationUITests";
			productName = "ios-diet-applicationUITests";
			productReference = 374948B82B08CD84002B8E3C /* ios-diet-applicationUITests.xctest */;
			productType = "com.apple.product-type.bundle.ui-testing";
		};
/* End PBXNativeTarget section */

/* Begin PBXProject section */
		374948942B08CD83002B8E3C /* Project object */ = {
			isa = PBXProject;
			attributes = {
				BuildIndependentTargetsInParallel = 1;
				LastSwiftUpdateCheck = 1500;
				LastUpgradeCheck = 1500;
				TargetAttributes = {
					3749489B2B08CD83002B8E3C = {
						CreatedOnToolsVersion = 15.0.1;
					};
					374948AD2B08CD84002B8E3C = {
						CreatedOnToolsVersion = 15.0.1;
						TestTargetID = 3749489B2B08CD83002B8E3C;
					};
					374948B72B08CD84002B8E3C = {
						CreatedOnToolsVersion = 15.0.1;
						TestTargetID = 3749489B2B08CD83002B8E3C;
					};
				};
			};
			buildConfigurationList = 374948972B08CD83002B8E3C /* Build configuration list for PBXProject "ios-diet-application" */;
			compatibilityVersion = "Xcode 14.0";
			developmentRegion = en;
			hasScannedForEncodings = 0;
			knownRegions = (
				en,
				Base,
			);
			mainGroup = 374948932B08CD83002B8E3C;
			productRefGroup = 3749489D2B08CD83002B8E3C /* Products */;
			projectDirPath = "";
			projectRoot = "";
			targets = (
				3749489B2B08CD83002B8E3C /* ios-diet-application */,
				374948AD2B08CD84002B8E3C /* ios-diet-applicationTests */,
				374948B72B08CD84002B8E3C /* ios-diet-applicationUITests */,
			);
		};
/* End PBXProject section */

/* Begin PBXResourcesBuildPhase section */
		3749489A2B08CD83002B8E3C /* Resources */ = {
			isa = PBXResourcesBuildPhase;
			buildActionMask = 2147483647;
			files = (
				374948A92B08CD84002B8E3C /* Preview Assets.xcassets in Resources */,
				374948A62B08CD84002B8E3C /* Assets.xcassets in Resources */,
			);
			runOnlyForDeploymentPostprocessing = 0;
		};
		374948AC2B08CD84002B8E3C /* Resources */ = {
			isa = PBXResourcesBuildPhase;
			buildActionMask = 2147483647;
			files = (
			);
			runOnlyForDeploymentPostprocessing = 0;
		};
		374948B62B08CD84002B8E3C /* Resources */ = {
			isa = PBXResourcesBuildPhase;
			buildActionMask = 2147483647;
			files = (
			);
			runOnlyForDeploymentPostprocessing = 0;
		};
/* End PBXResourcesBuildPhase section */

/* Begin PBXSourcesBuildPhase section */
		374948982B08CD83002B8E3C /* Sources */ = {
			isa = PBXSourcesBuildPhase;
			buildActionMask = 2147483647;
			files = (
				374948A22B08CD83002B8E3C /* ContentView.swift in Sources */,
				374948A42B08CD83002B8E3C /* Item.swift in Sources */,
				374948A02B08CD83002B8E3C /* ios_diet_applicationApp.swift in Sources */,
			);
			runOnlyForDeploymentPostprocessing = 0;
		};
		374948AA2B08CD84002B8E3C /* Sources */ = {
			isa = PBXSourcesBuildPhase;
			buildActionMask = 2147483647;
			files = (
				374948B32B08CD84002B8E3C /* ios_diet_applicationTests.swift in Sources */,
			);
			runOnlyForDeploymentPostprocessing = 0;
		};
		374948B42B08CD84002B8E3C /* Sources */ = {
			isa = PBXSourcesBuildPhase;
			buildActionMask = 2147483647;
			files = (
				374948BD2B08CD84002B8E3C /* ios_diet_applicationUITests.swift in Sources */,
				374948BF2B08CD84002B8E3C /* ios_diet_applicationUITestsLaunchTests.swift in Sources */,
			);
			runOnlyForDeploymentPostprocessing = 0;
		};
/* End PBXSourcesBuildPhase section */

/* Begin PBXTargetDependency section */
		374948B02B08CD84002B8E3C /* PBXTargetDependency */ = {
			isa = PBXTargetDependency;
			target = 3749489B2B08CD83002B8E3C /* ios-diet-application */;
			targetProxy = 374948AF2B08CD84002B8E3C /* PBXContainerItemProxy */;
		};
		374948BA2B08CD84002B8E3C /* PBXTargetDependency */ = {
			isa = PBXTargetDependency;
			target = 3749489B2B08CD83002B8E3C /* ios-diet-application */;
			targetProxy = 374948B92B08CD84002B8E3C /* PBXContainerItemProxy */;
		};
/* End PBXTargetDependency section */

/* Begin XCBuildConfiguration section */
		374948C02B08CD84002B8E3C /* Debug */ = {
			isa = XCBuildConfiguration;
			buildSettings = {
				ALWAYS_SEARCH_USER_PATHS = NO;
				ASSETCATALOG_COMPILER_GENERATE_SWIFT_ASSET_SYMBOL_EXTENSIONS = YES;
				CLANG_ANALYZER_NONNULL = YES;
				CLANG_ANALYZER_NUMBER_OBJECT_CONVERSION = YES_AGGRESSIVE;
				CLANG_CXX_LANGUAGE_STANDARD = "gnu++20";
				CLANG_ENABLE_MODULES = YES;
				CLANG_ENABLE_OBJC_ARC = YES;
				CLANG_ENABLE_OBJC_WEAK = YES;
				CLANG_WARN_BLOCK_CAPTURE_AUTORELEASING = YES;
				CLANG_WARN_BOOL_CONVERSION = YES;
				CLANG_WARN_COMMA = YES;
				CLANG_WARN_CONSTANT_CONVERSION = YES;
				CLANG_WARN_DEPRECATED_OBJC_IMPLEMENTATIONS = YES;
				CLANG_WARN_DIRECT_OBJC_ISA_USAGE = YES_ERROR;
				CLANG_WARN_DOCUMENTATION_COMMENTS = YES;
				CLANG_WARN_EMPTY_BODY = YES;
				CLANG_WARN_ENUM_CONVERSION = YES;
				CLANG_WARN_INFINITE_RECURSION = YES;
				CLANG_WARN_INT_CONVERSION = YES;
				CLANG_WARN_NON_LITERAL_NULL_CONVERSION = YES;
				CLANG_WARN_OBJC_IMPLICIT_RETAIN_SELF = YES;
				CLANG_WARN_OBJC_LITERAL_CONVERSION = YES;
				CLANG_WARN_OBJC_ROOT_CLASS = YES_ERROR;
				CLANG_WARN_QUOTED_INCLUDE_IN_FRAMEWORK_HEADER = YES;
				CLANG_WARN_RANGE_LOOP_ANALYSIS = YES;
				CLANG_WARN_STRICT_PROTOTYPES = YES;
				CLANG_WARN_SUSPICIOUS_MOVE = YES;
				CLANG_WARN_UNGUARDED_AVAILABILITY = YES_AGGRESSIVE;
				CLANG_WARN_UNREACHABLE_CODE = YES;
				CLANG_WARN__DUPLICATE_METHOD_MATCH = YES;
				COPY_PHASE_STRIP = NO;
				DEBUG_INFORMATION_FORMAT = dwarf;
				ENABLE_STRICT_OBJC_MSGSEND = YES;
				ENABLE_TESTABILITY = YES;
				ENABLE_USER_SCRIPT_SANDBOXING = YES;
				GCC_C_LANGUAGE_STANDARD = gnu17;
				GCC_DYNAMIC_NO_PIC = NO;
				GCC_NO_COMMON_BLOCKS = YES;
				GCC_OPTIMIZATION_LEVEL = 0;
				GCC_PREPROCESSOR_DEFINITIONS = (
					"DEBUG=1",
					"$(inherited)",
				);
				GCC_WARN_64_TO_32_BIT_CONVERSION = YES;
				GCC_WARN_ABOUT_RETURN_TYPE = YES_ERROR;
				GCC_WARN_UNDECLARED_SELECTOR = YES;
				GCC_WARN_UNINITIALIZED_AUTOS = YES_AGGRESSIVE;
				GCC_WARN_UNUSED_FUNCTION = YES;
				GCC_WARN_UNUSED_VARIABLE = YES;
				IPHONEOS_DEPLOYMENT_TARGET = 17.0;
				LOCALIZATION_PREFERS_STRING_CATALOGS = YES;
				MTL_ENABLE_DEBUG_INFO = INCLUDE_SOURCE;
				MTL_FAST_MATH = YES;
				ONLY_ACTIVE_ARCH = YES;
				SDKROOT = iphoneos;
				SWIFT_ACTIVE_COMPILATION_CONDITIONS = "DEBUG $(inherited)";
				SWIFT_OPTIMIZATION_LEVEL = "-Onone";
			};
			name = Debug;
		};
		374948C12B08CD84002B8E3C /* Release */ = {
			isa = XCBuildConfiguration;
			buildSettings = {
				ALWAYS_SEARCH_USER_PATHS = NO;
				ASSETCATALOG_COMPILER_GENERATE_SWIFT_ASSET_SYMBOL_EXTENSIONS = YES;
				CLANG_ANALYZER_NONNULL = YES;
				CLANG_ANALYZER_NUMBER_OBJECT_CONVERSION = YES_AGGRESSIVE;
				CLANG_CXX_LANGUAGE_STANDARD = "gnu++20";
				CLANG_ENABLE_MODULES = YES;
				CLANG_ENABLE_OBJC_ARC = YES;
				CLANG_ENABLE_OBJC_WEAK = YES;
				CLANG_WARN_BLOCK_CAPTURE_AUTORELEASING = YES;
				CLANG_WARN_BOOL_CONVERSION = YES;
				CLANG_WARN_COMMA = YES;
				CLANG_WARN_CONSTANT_CONVERSION = YES;
				CLANG_WARN_DEPRECATED_OBJC_IMPLEMENTATIONS = YES;
				CLANG_WARN_DIRECT_OBJC_ISA_USAGE = YES_ERROR;
				CLANG_WARN_DOCUMENTATION_COMMENTS = YES;
				CLANG_WARN_EMPTY_BODY = YES;
				CLANG_WARN_ENUM_CONVERSION = YES;
				CLANG_WARN_INFINITE_RECURSION = YES;
				CLANG_WARN_INT_CONVERSION = YES;
				CLANG_WARN_NON_LITERAL_NULL_CONVERSION = YES;
				CLANG_WARN_OBJC_IMPLICIT_RETAIN_SELF = YES;
				CLANG_WARN_OBJC_LITERAL_CONVERSION = YES;
				CLANG_WARN_OBJC_ROOT_CLASS = YES_ERROR;
				CLANG_WARN_QUOTED_INCLUDE_IN_FRAMEWORK_HEADER = YES;
				CLANG_WARN_RANGE_LOOP_ANALYSIS = YES;
				CLANG_WARN_STRICT_PROTOTYPES = YES;
				CLANG_WARN_SUSPICIOUS_MOVE = YES;
				CLANG_WARN_UNGUARDED_AVAILABILITY = YES_AGGRESSIVE;
				CLANG_WARN_UNREACHABLE_CODE = YES;
				CLANG_WARN__DUPLICATE_METHOD_MATCH = YES;
				COPY_PHASE_STRIP = NO;
				DEBUG_INFORMATION_FORMAT = "dwarf-with-dsym";
				ENABLE_NS_ASSERTIONS = NO;
				ENABLE_STRICT_OBJC_MSGSEND = YES;
				ENABLE_USER_SCRIPT_SANDBOXING = YES;
				GCC_C_LANGUAGE_STANDARD = gnu17;
				GCC_NO_COMMON_BLOCKS = YES;
				GCC_WARN_64_TO_32_BIT_CONVERSION = YES;
				GCC_WARN_ABOUT_RETURN_TYPE = YES_ERROR;
				GCC_WARN_UNDECLARED_SELECTOR = YES;
				GCC_WARN_UNINITIALIZED_AUTOS = YES_AGGRESSIVE;
				GCC_WARN_UNUSED_FUNCTION = YES;
				GCC_WARN_UNUSED_VARIABLE = YES;
				IPHONEOS_DEPLOYMENT_TARGET = 17.0;
				LOCALIZATION_PREFERS_STRING_CATALOGS = YES;
				MTL_ENABLE_DEBUG_INFO = NO;
				MTL_FAST_MATH = YES;
				SDKROOT = iphoneos;
				SWIFT_COMPILATION_MODE = wholemodule;
				VALIDATE_PRODUCT = YES;
			};
			name = Release;
		};
		374948C32B08CD84002B8E3C /* Debug */ = {
			isa = XCBuildConfiguration;
			buildSettings = {
				ASSETCATALOG_COMPILER_APPICON_NAME = AppIcon;
				ASSETCATALOG_COMPILER_GLOBAL_ACCENT_COLOR_NAME = AccentColor;
				CODE_SIGN_STYLE = Automatic;
				CURRENT_PROJECT_VERSION = 1;
				DEVELOPMENT_ASSET_PATHS = "\"ios-diet-application/Preview Content\"";
				DEVELOPMENT_TEAM = 89QW759BWA;
				ENABLE_PREVIEWS = YES;
				GENERATE_INFOPLIST_FILE = YES;
				INFOPLIST_KEY_UIApplicationSceneManifest_Generation = YES;
				INFOPLIST_KEY_UIApplicationSupportsIndirectInputEvents = YES;
				INFOPLIST_KEY_UILaunchScreen_Generation = YES;
				INFOPLIST_KEY_UISupportedInterfaceOrientations_iPad = "UIInterfaceOrientationPortrait UIInterfaceOrientationPortraitUpsideDown UIInterfaceOrientationLandscapeLeft UIInterfaceOrientationLandscapeRight";
				INFOPLIST_KEY_UISupportedInterfaceOrientations_iPhone = "UIInterfaceOrientationPortrait UIInterfaceOrientationLandscapeLeft UIInterfaceOrientationLandscapeRight";
				LD_RUNPATH_SEARCH_PATHS = (
					"$(inherited)",
					"@executable_path/Frameworks",
				);
				MARKETING_VERSION = 1.0;
				PRODUCT_BUNDLE_IDENTIFIER = "com.czanafranciszek.ios-diet-application";
				PRODUCT_NAME = "$(TARGET_NAME)";
				SWIFT_EMIT_LOC_STRINGS = YES;
				SWIFT_VERSION = 5.0;
				TARGETED_DEVICE_FAMILY = "1,2";
			};
			name = Debug;
		};
		374948C42B08CD84002B8E3C /* Release */ = {
			isa = XCBuildConfiguration;
			buildSettings = {
				ASSETCATALOG_COMPILER_APPICON_NAME = AppIcon;
				ASSETCATALOG_COMPILER_GLOBAL_ACCENT_COLOR_NAME = AccentColor;
				CODE_SIGN_STYLE = Automatic;
				CURRENT_PROJECT_VERSION = 1;
				DEVELOPMENT_ASSET_PATHS = "\"ios-diet-application/Preview Content\"";
				DEVELOPMENT_TEAM = 89QW759BWA;
				ENABLE_PREVIEWS = YES;
				GENERATE_INFOPLIST_FILE = YES;
				INFOPLIST_KEY_UIApplicationSceneManifest_Generation = YES;
				INFOPLIST_KEY_UIApplicationSupportsIndirectInputEvents = YES;
				INFOPLIST_KEY_UILaunchScreen_Generation = YES;
				INFOPLIST_KEY_UISupportedInterfaceOrientations_iPad = "UIInterfaceOrientationPortrait UIInterfaceOrientationPortraitUpsideDown UIInterfaceOrientationLandscapeLeft UIInterfaceOrientationLandscapeRight";
				INFOPLIST_KEY_UISupportedInterfaceOrientations_iPhone = "UIInterfaceOrientationPortrait UIInterfaceOrientationLandscapeLeft UIInterfaceOrientationLandscapeRight";
				LD_RUNPATH_SEARCH_PATHS = (
					"$(inherited)",
					"@executable_path/Frameworks",
				);
				MARKETING_VERSION = 1.0;
				PRODUCT_BUNDLE_IDENTIFIER = "com.czanafranciszek.ios-diet-application";
				PRODUCT_NAME = "$(TARGET_NAME)";
				SWIFT_EMIT_LOC_STRINGS = YES;
				SWIFT_VERSION = 5.0;
				TARGETED_DEVICE_FAMILY = "1,2";
			};
			name = Release;
		};
		374948C62B08CD84002B8E3C /* Debug */ = {
			isa = XCBuildConfiguration;
			buildSettings = {
				ALWAYS_EMBED_SWIFT_STANDARD_LIBRARIES = YES;
				BUNDLE_LOADER = "$(TEST_HOST)";
				CODE_SIGN_STYLE = Automatic;
				CURRENT_PROJECT_VERSION = 1;
				DEVELOPMENT_TEAM = 89QW759BWA;
				GENERATE_INFOPLIST_FILE = YES;
				IPHONEOS_DEPLOYMENT_TARGET = 17.0;
				MARKETING_VERSION = 1.0;
				PRODUCT_BUNDLE_IDENTIFIER = "com.czanafranciszek.ios-diet-applicationTests";
				PRODUCT_NAME = "$(TARGET_NAME)";
				SWIFT_EMIT_LOC_STRINGS = NO;
				SWIFT_VERSION = 5.0;
				TARGETED_DEVICE_FAMILY = "1,2";
				TEST_HOST = "$(BUILT_PRODUCTS_DIR)/ios-diet-application.app/$(BUNDLE_EXECUTABLE_FOLDER_PATH)/ios-diet-application";
			};
			name = Debug;
		};
		374948C72B08CD84002B8E3C /* Release */ = {
			isa = XCBuildConfiguration;
			buildSettings = {
				ALWAYS_EMBED_SWIFT_STANDARD_LIBRARIES = YES;
				BUNDLE_LOADER = "$(TEST_HOST)";
				CODE_SIGN_STYLE = Automatic;
				CURRENT_PROJECT_VERSION = 1;
				DEVELOPMENT_TEAM = 89QW759BWA;
				GENERATE_INFOPLIST_FILE = YES;
				IPHONEOS_DEPLOYMENT_TARGET = 17.0;
				MARKETING_VERSION = 1.0;
				PRODUCT_BUNDLE_IDENTIFIER = "com.czanafranciszek.ios-diet-applicationTests";
				PRODUCT_NAME = "$(TARGET_NAME)";
				SWIFT_EMIT_LOC_STRINGS = NO;
				SWIFT_VERSION = 5.0;
				TARGETED_DEVICE_FAMILY = "1,2";
				TEST_HOST = "$(BUILT_PRODUCTS_DIR)/ios-diet-application.app/$(BUNDLE_EXECUTABLE_FOLDER_PATH)/ios-diet-application";
			};
			name = Release;
		};
		374948C92B08CD84002B8E3C /* Debug */ = {
			isa = XCBuildConfiguration;
			buildSettings = {
				ALWAYS_EMBED_SWIFT_STANDARD_LIBRARIES = YES;
				CODE_SIGN_STYLE = Automatic;
				CURRENT_PROJECT_VERSION = 1;
				DEVELOPMENT_TEAM = 89QW759BWA;
				GENERATE_INFOPLIST_FILE = YES;
				MARKETING_VERSION = 1.0;
				PRODUCT_BUNDLE_IDENTIFIER = "com.czanafranciszek.ios-diet-applicationUITests";
				PRODUCT_NAME = "$(TARGET_NAME)";
				SWIFT_EMIT_LOC_STRINGS = NO;
				SWIFT_VERSION = 5.0;
				TARGETED_DEVICE_FAMILY = "1,2";
				TEST_TARGET_NAME = "ios-diet-application";
			};
			name = Debug;
		};
		374948CA2B08CD84002B8E3C /* Release */ = {
			isa = XCBuildConfiguration;
			buildSettings = {
				ALWAYS_EMBED_SWIFT_STANDARD_LIBRARIES = YES;
				CODE_SIGN_STYLE = Automatic;
				CURRENT_PROJECT_VERSION = 1;
				DEVELOPMENT_TEAM = 89QW759BWA;
				GENERATE_INFOPLIST_FILE = YES;
				MARKETING_VERSION = 1.0;
				PRODUCT_BUNDLE_IDENTIFIER = "com.czanafranciszek.ios-diet-applicationUITests";
				PRODUCT_NAME = "$(TARGET_NAME)";
				SWIFT_EMIT_LOC_STRINGS = NO;
				SWIFT_VERSION = 5.0;
				TARGETED_DEVICE_FAMILY = "1,2";
				TEST_TARGET_NAME = "ios-diet-application";
			};
			name = Release;
		};
/* End XCBuildConfiguration section */

/* Begin XCConfigurationList section */
		374948972B08CD83002B8E3C /* Build configuration list for PBXProject "ios-diet-application" */ = {
			isa = XCConfigurationList;
			buildConfigurations = (
				374948C02B08CD84002B8E3C /* Debug */,
				374948C12B08CD84002B8E3C /* Release */,
			);
			defaultConfigurationIsVisible = 0;
			defaultConfigurationName = Release;
		};
		374948C22B08CD84002B8E3C /* Build configuration list for PBXNativeTarget "ios-diet-application" */ = {
			isa = XCConfigurationList;
			buildConfigurations = (
				374948C32B08CD84002B8E3C /* Debug */,
				374948C42B08CD84002B8E3C /* Release */,
			);
			defaultConfigurationIsVisible = 0;
			defaultConfigurationName = Release;
		};
		374948C52B08CD84002B8E3C /* Build configuration list for PBXNativeTarget "ios-diet-applicationTests" */ = {
			isa = XCConfigurationList;
			buildConfigurations = (
				374948C62B08CD84002B8E3C /* Debug */,
				374948C72B08CD84002B8E3C /* Release */,
			);
			defaultConfigurationIsVisible = 0;
			defaultConfigurationName = Release;
		};
		374948C82B08CD84002B8E3C /* Build configuration list for PBXNativeTarget "ios-diet-applicationUITests" */ = {
			isa = XCConfigurationList;
			buildConfigurations = (
				374948C92B08CD84002B8E3C /* Debug */,
				374948CA2B08CD84002B8E3C /* Release */,
			);
			defaultConfigurationIsVisible = 0;
			defaultConfigurationName = Release;
		};
/* End XCConfigurationList section */
	};
	rootObject = 374948942B08CD83002B8E3C /* Project object */;
}
